// !$*UTF8*$!
{
	archiveVersion = 1;
	classes = {
	};
	objectVersion = 46;
	objects = {

/* Begin PBXBuildFile section */
		58D2E06D1E7BF0E70033701A /* AppDelegate.swift in Sources */ = {isa = PBXBuildFile; fileRef = 58D2E06C1E7BF0E70033701A /* AppDelegate.swift */; };
		58D2E06F1E7BF0E70033701A /* ViewController.swift in Sources */ = {isa = PBXBuildFile; fileRef = 58D2E06E1E7BF0E70033701A /* ViewController.swift */; };
		58D2E0721E7BF0E70033701A /* Main.storyboard in Resources */ = {isa = PBXBuildFile; fileRef = 58D2E0701E7BF0E70033701A /* Main.storyboard */; };
		58D2E0741E7BF0E70033701A /* Assets.xcassets in Resources */ = {isa = PBXBuildFile; fileRef = 58D2E0731E7BF0E70033701A /* Assets.xcassets */; };
		58D2E0771E7BF0E70033701A /* LaunchScreen.storyboard in Resources */ = {isa = PBXBuildFile; fileRef = 58D2E0751E7BF0E70033701A /* LaunchScreen.storyboard */; };
		58D2E0821E7BF0E80033701A /* BankCQRSTests.swift in Sources */ = {isa = PBXBuildFile; fileRef = 58D2E0811E7BF0E80033701A /* BankCQRSTests.swift */; };
/* End PBXBuildFile section */

/* Begin PBXContainerItemProxy section */
		58D2E07E1E7BF0E80033701A /* PBXContainerItemProxy */ = {
			isa = PBXContainerItemProxy;
			containerPortal = 58D2E0611E7BF0E70033701A /* Project object */;
			proxyType = 1;
			remoteGlobalIDString = 58D2E0681E7BF0E70033701A;
			remoteInfo = BankCQRS;
		};
/* End PBXContainerItemProxy section */

/* Begin PBXFileReference section */
		58D2E0691E7BF0E70033701A /* BankCQRS.app */ = {isa = PBXFileReference; explicitFileType = wrapper.application; includeInIndex = 0; path = BankCQRS.app; sourceTree = BUILT_PRODUCTS_DIR; };
		58D2E06C1E7BF0E70033701A /* AppDelegate.swift */ = {isa = PBXFileReference; lastKnownFileType = sourcecode.swift; path = AppDelegate.swift; sourceTree = "<group>"; };
		58D2E06E1E7BF0E70033701A /* ViewController.swift */ = {isa = PBXFileReference; lastKnownFileType = sourcecode.swift; path = ViewController.swift; sourceTree = "<group>"; };
		58D2E0711E7BF0E70033701A /* Base */ = {isa = PBXFileReference; lastKnownFileType = file.storyboard; name = Base; path = Base.lproj/Main.storyboard; sourceTree = "<group>"; };
		58D2E0731E7BF0E70033701A /* Assets.xcassets */ = {isa = PBXFileReference; lastKnownFileType = folder.assetcatalog; path = Assets.xcassets; sourceTree = "<group>"; };
		58D2E0761E7BF0E70033701A /* Base */ = {isa = PBXFileReference; lastKnownFileType = file.storyboard; name = Base; path = Base.lproj/LaunchScreen.storyboard; sourceTree = "<group>"; };
		58D2E0781E7BF0E70033701A /* Info.plist */ = {isa = PBXFileReference; lastKnownFileType = text.plist.xml; path = Info.plist; sourceTree = "<group>"; };
		58D2E07D1E7BF0E80033701A /* BankCQRSTests.xctest */ = {isa = PBXFileReference; explicitFileType = wrapper.cfbundle; includeInIndex = 0; path = BankCQRSTests.xctest; sourceTree = BUILT_PRODUCTS_DIR; };
		58D2E0811E7BF0E80033701A /* BankCQRSTests.swift */ = {isa = PBXFileReference; lastKnownFileType = sourcecode.swift; path = BankCQRSTests.swift; sourceTree = "<group>"; };
		58D2E0831E7BF0E80033701A /* Info.plist */ = {isa = PBXFileReference; lastKnownFileType = text.plist.xml; path = Info.plist; sourceTree = "<group>"; };
/* End PBXFileReference section */

/* Begin PBXFrameworksBuildPhase section */
		58D2E0661E7BF0E70033701A /* Frameworks */ = {
			isa = PBXFrameworksBuildPhase;
			buildActionMask = 2147483647;
			files = (
			);
			runOnlyForDeploymentPostprocessing = 0;
		};
		58D2E07A1E7BF0E80033701A /* Frameworks */ = {
			isa = PBXFrameworksBuildPhase;
			buildActionMask = 2147483647;
			files = (
			);
			runOnlyForDeploymentPostprocessing = 0;
		};
/* End PBXFrameworksBuildPhase section */

/* Begin PBXGroup section */
		58D2E0601E7BF0E70033701A = {
			isa = PBXGroup;
			children = (
				58D2E06B1E7BF0E70033701A /* BankCQRS */,
				58D2E0801E7BF0E80033701A /* BankCQRSTests */,
				58D2E06A1E7BF0E70033701A /* Products */,
			);
			sourceTree = "<group>";
		};
		58D2E06A1E7BF0E70033701A /* Products */ = {
			isa = PBXGroup;
			children = (
				58D2E0691E7BF0E70033701A /* BankCQRS.app */,
				58D2E07D1E7BF0E80033701A /* BankCQRSTests.xctest */,
			);
			name = Products;
			sourceTree = "<group>";
		};
		58D2E06B1E7BF0E70033701A /* BankCQRS */ = {
			isa = PBXGroup;
			children = (
				58D2E06C1E7BF0E70033701A /* AppDelegate.swift */,
				58D2E06E1E7BF0E70033701A /* ViewController.swift */,
				58D2E0701E7BF0E70033701A /* Main.storyboard */,
				58D2E0731E7BF0E70033701A /* Assets.xcassets */,
				58D2E0751E7BF0E70033701A /* LaunchScreen.storyboard */,
				58D2E0781E7BF0E70033701A /* Info.plist */,
			);
			path = BankCQRS;
			sourceTree = "<group>";
		};
		58D2E0801E7BF0E80033701A /* BankCQRSTests */ = {
			isa = PBXGroup;
			children = (
				58D2E0811E7BF0E80033701A /* BankCQRSTests.swift */,
				58D2E0831E7BF0E80033701A /* Info.plist */,
			);
			path = BankCQRSTests;
			sourceTree = "<group>";
		};
/* End PBXGroup section */

/* Begin PBXNativeTarget section */
		58D2E0681E7BF0E70033701A /* BankCQRS */ = {
			isa = PBXNativeTarget;
			buildConfigurationList = 58D2E0861E7BF0E80033701A /* Build configuration list for PBXNativeTarget "BankCQRS" */;
			buildPhases = (
				58D2E0651E7BF0E70033701A /* Sources */,
				58D2E0661E7BF0E70033701A /* Frameworks */,
				58D2E0671E7BF0E70033701A /* Resources */,
			);
			buildRules = (
			);
			dependencies = (
			);
			name = BankCQRS;
			productName = BankCQRS;
			productReference = 58D2E0691E7BF0E70033701A /* BankCQRS.app */;
			productType = "com.apple.product-type.application";
		};
		58D2E07C1E7BF0E80033701A /* BankCQRSTests */ = {
			isa = PBXNativeTarget;
			buildConfigurationList = 58D2E0891E7BF0E80033701A /* Build configuration list for PBXNativeTarget "BankCQRSTests" */;
			buildPhases = (
				58D2E0791E7BF0E80033701A /* Sources */,
				58D2E07A1E7BF0E80033701A /* Frameworks */,
				58D2E07B1E7BF0E80033701A /* Resources */,
			);
			buildRules = (
			);
			dependencies = (
				58D2E07F1E7BF0E80033701A /* PBXTargetDependency */,
			);
			name = BankCQRSTests;
			productName = BankCQRSTests;
			productReference = 58D2E07D1E7BF0E80033701A /* BankCQRSTests.xctest */;
			productType = "com.apple.product-type.bundle.unit-test";
		};
/* End PBXNativeTarget section */

/* Begin PBXProject section */
		58D2E0611E7BF0E70033701A /* Project object */ = {
			isa = PBXProject;
			attributes = {
				LastSwiftUpdateCheck = 0820;
				LastUpgradeCheck = 0820;
				ORGANIZATIONNAME = "Vincent Oliveira";
				TargetAttributes = {
					58D2E0681E7BF0E70033701A = {
						CreatedOnToolsVersion = 8.2.1;
						ProvisioningStyle = Automatic;
					};
					58D2E07C1E7BF0E80033701A = {
						CreatedOnToolsVersion = 8.2.1;
						ProvisioningStyle = Automatic;
						TestTargetID = 58D2E0681E7BF0E70033701A;
					};
				};
			};
			buildConfigurationList = 58D2E0641E7BF0E70033701A /* Build configuration list for PBXProject "BankCQRS" */;
			compatibilityVersion = "Xcode 3.2";
			developmentRegion = English;
			hasScannedForEncodings = 0;
			knownRegions = (
				en,
				Base,
			);
			mainGroup = 58D2E0601E7BF0E70033701A;
			productRefGroup = 58D2E06A1E7BF0E70033701A /* Products */;
			projectDirPath = "";
			projectRoot = "";
			targets = (
				58D2E0681E7BF0E70033701A /* BankCQRS */,
				58D2E07C1E7BF0E80033701A /* BankCQRSTests */,
			);
		};
/* End PBXProject section */

/* Begin PBXResourcesBuildPhase section */
		58D2E0671E7BF0E70033701A /* Resources */ = {
			isa = PBXResourcesBuildPhase;
			buildActionMask = 2147483647;
			files = (
				58D2E0771E7BF0E70033701A /* LaunchScreen.storyboard in Resources */,
				58D2E0741E7BF0E70033701A /* Assets.xcassets in Resources */,
				58D2E0721E7BF0E70033701A /* Main.storyboard in Resources */,
			);
			runOnlyForDeploymentPostprocessing = 0;
		};
		58D2E07B1E7BF0E80033701A /* Resources */ = {
			isa = PBXResourcesBuildPhase;
			buildActionMask = 2147483647;
			files = (
			);
			runOnlyForDeploymentPostprocessing = 0;
		};
/* End PBXResourcesBuildPhase section */

/* Begin PBXSourcesBuildPhase section */
		58D2E0651E7BF0E70033701A /* Sources */ = {
			isa = PBXSourcesBuildPhase;
			buildActionMask = 2147483647;
			files = (
				58D2E06F1E7BF0E70033701A /* ViewController.swift in Sources */,
				58D2E06D1E7BF0E70033701A /* AppDelegate.swift in Sources */,
			);
			runOnlyForDeploymentPostprocessing = 0;
		};
		58D2E0791E7BF0E80033701A /* Sources */ = {
			isa = PBXSourcesBuildPhase;
			buildActionMask = 2147483647;
			files = (
				58D2E0821E7BF0E80033701A /* BankCQRSTests.swift in Sources */,
			);
			runOnlyForDeploymentPostprocessing = 0;
		};
/* End PBXSourcesBuildPhase section */

/* Begin PBXTargetDependency section */
		58D2E07F1E7BF0E80033701A /* PBXTargetDependency */ = {
			isa = PBXTargetDependency;
			target = 58D2E0681E7BF0E70033701A /* BankCQRS */;
			targetProxy = 58D2E07E1E7BF0E80033701A /* PBXContainerItemProxy */;
		};
/* End PBXTargetDependency section */

/* Begin PBXVariantGroup section */
		58D2E0701E7BF0E70033701A /* Main.storyboard */ = {
			isa = PBXVariantGroup;
			children = (
				58D2E0711E7BF0E70033701A /* Base */,
			);
			name = Main.storyboard;
			sourceTree = "<group>";
		};
		58D2E0751E7BF0E70033701A /* LaunchScreen.storyboard */ = {
			isa = PBXVariantGroup;
			children = (
				58D2E0761E7BF0E70033701A /* Base */,
			);
			name = LaunchScreen.storyboard;
			sourceTree = "<group>";
		};
/* End PBXVariantGroup section */

/* Begin XCBuildConfiguration section */
		58D2E0841E7BF0E80033701A /* Debug */ = {
			isa = XCBuildConfiguration;
			buildSettings = {
				ALWAYS_SEARCH_USER_PATHS = NO;
				CLANG_ANALYZER_NONNULL = YES;
				CLANG_CXX_LANGUAGE_STANDARD = "gnu++0x";
				CLANG_CXX_LIBRARY = "libc++";
				CLANG_ENABLE_MODULES = YES;
				CLANG_ENABLE_OBJC_ARC = YES;
				CLANG_WARN_BOOL_CONVERSION = YES;
				CLANG_WARN_CONSTANT_CONVERSION = YES;
				CLANG_WARN_DIRECT_OBJC_ISA_USAGE = YES_ERROR;
				CLANG_WARN_DOCUMENTATION_COMMENTS = YES;
				CLANG_WARN_EMPTY_BODY = YES;
				CLANG_WARN_ENUM_CONVERSION = YES;
				CLANG_WARN_INFINITE_RECURSION = YES;
				CLANG_WARN_INT_CONVERSION = YES;
				CLANG_WARN_OBJC_ROOT_CLASS = YES_ERROR;
				CLANG_WARN_SUSPICIOUS_MOVE = YES;
				CLANG_WARN_UNREACHABLE_CODE = YES;
				CLANG_WARN__DUPLICATE_METHOD_MATCH = YES;
				"CODE_SIGN_IDENTITY[sdk=iphoneos*]" = "iPhone Developer";
				COPY_PHASE_STRIP = NO;
				DEBUG_INFORMATION_FORMAT = dwarf;
				ENABLE_STRICT_OBJC_MSGSEND = YES;
				ENABLE_TESTABILITY = YES;
				GCC_C_LANGUAGE_STANDARD = gnu99;
				GCC_DYNAMIC_NO_PIC = NO;
				GCC_NO_COMMON_BLOCKS = YES;
				GCC_OPTIMIZATION_LEVEL = 0;
				GCC_PREPROCESSOR_DEFINITIONS = (
					"DEBUG=1",
					"$(inherited)",
				);
				GCC_WARN_64_TO_32_BIT_CONVERSION = YES;
				GCC_WARN_ABOUT_RETURN_TYPE = YES_ERROR;
				GCC_WARN_UNDECLARED_SELECTOR = YES;
				GCC_WARN_UNINITIALIZED_AUTOS = YES_AGGRESSIVE;
				GCC_WARN_UNUSED_FUNCTION = YES;
				GCC_WARN_UNUSED_VARIABLE = YES;
				IPHONEOS_DEPLOYMENT_TARGET = 10.2;
				MTL_ENABLE_DEBUG_INFO = YES;
				ONLY_ACTIVE_ARCH = YES;
				SDKROOT = iphoneos;
				SWIFT_ACTIVE_COMPILATION_CONDITIONS = DEBUG;
				SWIFT_OPTIMIZATION_LEVEL = "-Onone";
				TARGETED_DEVICE_FAMILY = "1,2";
			};
			name = Debug;
		};
		58D2E0851E7BF0E80033701A /* Release */ = {
			isa = XCBuildConfiguration;
			buildSettings = {
				ALWAYS_SEARCH_USER_PATHS = NO;
				CLANG_ANALYZER_NONNULL = YES;
				CLANG_CXX_LANGUAGE_STANDARD = "gnu++0x";
				CLANG_CXX_LIBRARY = "libc++";
				CLANG_ENABLE_MODULES = YES;
				CLANG_ENABLE_OBJC_ARC = YES;
				CLANG_WARN_BOOL_CONVERSION = YES;
				CLANG_WARN_CONSTANT_CONVERSION = YES;
				CLANG_WARN_DIRECT_OBJC_ISA_USAGE = YES_ERROR;
				CLANG_WARN_DOCUMENTATION_COMMENTS = YES;
				CLANG_WARN_EMPTY_BODY = YES;
				CLANG_WARN_ENUM_CONVERSION = YES;
				CLANG_WARN_INFINITE_RECURSION = YES;
				CLANG_WARN_INT_CONVERSION = YES;
				CLANG_WARN_OBJC_ROOT_CLASS = YES_ERROR;
				CLANG_WARN_SUSPICIOUS_MOVE = YES;
				CLANG_WARN_UNREACHABLE_CODE = YES;
				CLANG_WARN__DUPLICATE_METHOD_MATCH = YES;
				"CODE_SIGN_IDENTITY[sdk=iphoneos*]" = "iPhone Developer";
				COPY_PHASE_STRIP = NO;
				DEBUG_INFORMATION_FORMAT = "dwarf-with-dsym";
				ENABLE_NS_ASSERTIONS = NO;
				ENABLE_STRICT_OBJC_MSGSEND = YES;
				GCC_C_LANGUAGE_STANDARD = gnu99;
				GCC_NO_COMMON_BLOCKS = YES;
				GCC_WARN_64_TO_32_BIT_CONVERSION = YES;
				GCC_WARN_ABOUT_RETURN_TYPE = YES_ERROR;
				GCC_WARN_UNDECLARED_SELECTOR = YES;
				GCC_WARN_UNINITIALIZED_AUTOS = YES_AGGRESSIVE;
				GCC_WARN_UNUSED_FUNCTION = YES;
				GCC_WARN_UNUSED_VARIABLE = YES;
				IPHONEOS_DEPLOYMENT_TARGET = 10.2;
				MTL_ENABLE_DEBUG_INFO = NO;
				SDKROOT = iphoneos;
				SWIFT_OPTIMIZATION_LEVEL = "-Owholemodule";
				TARGETED_DEVICE_FAMILY = "1,2";
				VALIDATE_PRODUCT = YES;
			};
			name = Release;
		};
		58D2E0871E7BF0E80033701A /* Debug */ = {
			isa = XCBuildConfiguration;
			buildSettings = {
				ASSETCATALOG_COMPILER_APPICON_NAME = AppIcon;
				INFOPLIST_FILE = BankCQRS/Info.plist;
				LD_RUNPATH_SEARCH_PATHS = "$(inherited) @executable_path/Frameworks";
				PRODUCT_BUNDLE_IDENTIFIER = com.tiller.BankCQRS;
				PRODUCT_NAME = "$(TARGET_NAME)";
				SWIFT_VERSION = 3.0;
			};
			name = Debug;
		};
		58D2E0881E7BF0E80033701A /* Release */ = {
			isa = XCBuildConfiguration;
			buildSettings = {
				ASSETCATALOG_COMPILER_APPICON_NAME = AppIcon;
				INFOPLIST_FILE = BankCQRS/Info.plist;
				LD_RUNPATH_SEARCH_PATHS = "$(inherited) @executable_path/Frameworks";
				PRODUCT_BUNDLE_IDENTIFIER = com.tiller.BankCQRS;
				PRODUCT_NAME = "$(TARGET_NAME)";
				SWIFT_VERSION = 3.0;
			};
			name = Release;
		};
		58D2E08A1E7BF0E80033701A /* Debug */ = {
			isa = XCBuildConfiguration;
			buildSettings = {
				ALWAYS_EMBED_SWIFT_STANDARD_LIBRARIES = YES;
				BUNDLE_LOADER = "$(TEST_HOST)";
				INFOPLIST_FILE = BankCQRSTests/Info.plist;
				LD_RUNPATH_SEARCH_PATHS = "$(inherited) @executable_path/Frameworks @loader_path/Frameworks";
				PRODUCT_BUNDLE_IDENTIFIER = com.tiller.BankCQRSTests;
				PRODUCT_NAME = "$(TARGET_NAME)";
				SWIFT_VERSION = 3.0;
				TEST_HOST = "$(BUILT_PRODUCTS_DIR)/BankCQRS.app/BankCQRS";
			};
			name = Debug;
		};
		58D2E08B1E7BF0E80033701A /* Release */ = {
			isa = XCBuildConfiguration;
			buildSettings = {
				ALWAYS_EMBED_SWIFT_STANDARD_LIBRARIES = YES;
				BUNDLE_LOADER = "$(TEST_HOST)";
				INFOPLIST_FILE = BankCQRSTests/Info.plist;
				LD_RUNPATH_SEARCH_PATHS = "$(inherited) @executable_path/Frameworks @loader_path/Frameworks";
				PRODUCT_BUNDLE_IDENTIFIER = com.tiller.BankCQRSTests;
				PRODUCT_NAME = "$(TARGET_NAME)";
				SWIFT_VERSION = 3.0;
				TEST_HOST = "$(BUILT_PRODUCTS_DIR)/BankCQRS.app/BankCQRS";
			};
			name = Release;
		};
/* End XCBuildConfiguration section */

/* Begin XCConfigurationList section */
		58D2E0641E7BF0E70033701A /* Build configuration list for PBXProject "BankCQRS" */ = {
			isa = XCConfigurationList;
			buildConfigurations = (
				58D2E0841E7BF0E80033701A /* Debug */,
				58D2E0851E7BF0E80033701A /* Release */,
			);
			defaultConfigurationIsVisible = 0;
			defaultConfigurationName = Release;
		};
		58D2E0861E7BF0E80033701A /* Build configuration list for PBXNativeTarget "BankCQRS" */ = {
			isa = XCConfigurationList;
			buildConfigurations = (
				58D2E0871E7BF0E80033701A /* Debug */,
				58D2E0881E7BF0E80033701A /* Release */,
			);
			defaultConfigurationIsVisible = 0;
		};
		58D2E0891E7BF0E80033701A /* Build configuration list for PBXNativeTarget "BankCQRSTests" */ = {
			isa = XCConfigurationList;
			buildConfigurations = (
				58D2E08A1E7BF0E80033701A /* Debug */,
				58D2E08B1E7BF0E80033701A /* Release */,
			);
			defaultConfigurationIsVisible = 0;
		};
/* End XCConfigurationList section */
	};
	rootObject = 58D2E0611E7BF0E70033701A /* Project object */;
}
